
Microsoft Visual Studio Solution File, Format Version 12.00
# Visual Studio Version 17
VisualStudioVersion = 17.5.33424.131
MinimumVisualStudioVersion = 10.0.40219.1
Project("{8BC9CEB8-8B4A-11D0-8D11-00A0C91BC942}") = "algoritihm_2023_04_18_struct_student_example", "algoritihm_2023_04_18_struct_student_example\algoritihm_2023_04_18_struct_student_example.vcxproj", "{95052406-CBFD-4F4E-B135-4136ED35BA83}"
EndProject
Global
	GlobalSection(SolutionConfigurationPlatforms) = preSolution
		Debug|x64 = Debug|x64
		Debug|x86 = Debug|x86
		Release|x64 = Release|x64
		Release|x86 = Release|x86
	EndGlobalSection
	GlobalSection(ProjectConfigurationPlatforms) = postSolution
		{95052406-CBFD-4F4E-B135-4136ED35BA83}.Debug|x64.ActiveCfg = Debug|x64
		{95052406-CBFD-4F4E-B135-4136ED35BA83}.Debug|x64.Build.0 = Debug|x64
		{95052406-CBFD-4F4E-B135-4136ED35BA83}.Debug|x86.ActiveCfg = Debug|Win32
		{95052406-CBFD-4F4E-B135-4136ED35BA83}.Debug|x86.Build.0 = Debug|Win32
		{95052406-CBFD-4F4E-B135-4136ED35BA83}.Release|x64.ActiveCfg = Release|x64
		{95052406-CBFD-4F4E-B135-4136ED35BA83}.Release|x64.Build.0 = Release|x64
		{95052406-CBFD-4F4E-B135-4136ED35BA83}.Release|x86.ActiveCfg = Release|Win32
		{95052406-CBFD-4F4E-B135-4136ED35BA83}.Release|x86.Build.0 = Release|Win32
	EndGlobalSection
	GlobalSection(SolutionProperties) = preSolution
		HideSolutionNode = FALSE
	EndGlobalSection
	GlobalSection(ExtensibilityGlobals) = postSolution
		SolutionGuid = {860693C8-9113-458B-96FE-8F8CCFFD4C70}
	EndGlobalSection
EndGlobal
